{
  "object": {
    "pins": [
      {
        "package": "Extensions",
        "repositoryURL": "https://github.com/neilsmithdesign/Extensions.git",
        "state": {
          "branch": null,
          "revision": "1274b657ff26d694f94d59eea4581cde674f04ca",
          "version": "0.1.8"
        }
      }
    ]
  },
  "version": 1
}
