{
  "object": {
    "pins": [
      {
        "package": "Extensions",
        "repositoryURL": "https://github.com/neilsmithdesign/Extensions.git",
        "state": {
          "branch": null,
          "revision": "e8fb7a86b02b1b35c501c0dd42a4efaed3f726af",
          "version": "0.1.1"
        }
      }
    ]
  },
  "version": 1
}
