{
  "object": {
    "pins": [
      {
        "package": "Extensions",
        "repositoryURL": "https://github.com/neilsmithdesign/Extensions.git",
        "state": {
          "branch": null,
          "revision": "38a2407b921ada480359e93855945ee09a1e4bc2",
          "version": "0.1.7"
        }
      }
    ]
  },
  "version": 1
}
